
Microsoft Visual Studio Solution File, Format Version 12.00
# Visual Studio Version 16
VisualStudioVersion = 16.0.30711.63
MinimumVisualStudioVersion = 10.0.40219.1
Project("{FAE04EC0-301F-11D3-BF4B-00C04F79EFBC}") = "RE4-Configurator", "RE4-Configurator.csproj", "{BB6A964B-9282-4599-8F56-050AD6C58C2A}"
EndProject
Global
	GlobalSection(SolutionConfigurationPlatforms) = preSolution
		Debug|Any CPU = Debug|Any CPU
		Release|Any CPU = Release|Any CPU
	EndGlobalSection
	GlobalSection(ProjectConfigurationPlatforms) = postSolution
		{BB6A964B-9282-4599-8F56-050AD6C58C2A}.Debug|Any CPU.ActiveCfg = Debug|Any CPU
		{BB6A964B-9282-4599-8F56-050AD6C58C2A}.Debug|Any CPU.Build.0 = Debug|Any CPU
		{BB6A964B-9282-4599-8F56-050AD6C58C2A}.Release|Any CPU.ActiveCfg = Release|Any CPU
		{BB6A964B-9282-4599-8F56-050AD6C58C2A}.Release|Any CPU.Build.0 = Release|Any CPU
	EndGlobalSection
	GlobalSection(SolutionProperties) = preSolution
		HideSolutionNode = FALSE
	EndGlobalSection
	GlobalSection(ExtensibilityGlobals) = postSolution
		SolutionGuid = {4E5422CF-815B-438D-9C61-E6E941748A7E}
	EndGlobalSection
EndGlobal
